
Microsoft Visual Studio Solution File, Format Version 12.00
# Visual Studio 15
VisualStudioVersion = 15.0.27130.2020
MinimumVisualStudioVersion = 10.0.40219.1
Project("{FAE04EC0-301F-11D3-BF4B-00C04F79EFBC}") = "WeatherApiCore", "WeatherApiCore\WeatherApiCore.csproj", "{ACF3FCC9-16E2-4CCE-B6DC-8E0E7E5E4F5E}"
EndProject
Global
	GlobalSection(SolutionConfigurationPlatforms) = preSolution
		Debug|Any CPU = Debug|Any CPU
		Release|Any CPU = Release|Any CPU
	EndGlobalSection
	GlobalSection(ProjectConfigurationPlatforms) = postSolution
		{ACF3FCC9-16E2-4CCE-B6DC-8E0E7E5E4F5E}.Debug|Any CPU.ActiveCfg = Debug|Any CPU
		{ACF3FCC9-16E2-4CCE-B6DC-8E0E7E5E4F5E}.Debug|Any CPU.Build.0 = Debug|Any CPU
		{ACF3FCC9-16E2-4CCE-B6DC-8E0E7E5E4F5E}.Release|Any CPU.ActiveCfg = Release|Any CPU
		{ACF3FCC9-16E2-4CCE-B6DC-8E0E7E5E4F5E}.Release|Any CPU.Build.0 = Release|Any CPU
	EndGlobalSection
	GlobalSection(SolutionProperties) = preSolution
		HideSolutionNode = FALSE
	EndGlobalSection
	GlobalSection(ExtensibilityGlobals) = postSolution
		SolutionGuid = {E0EA0255-1E9D-444F-B442-C7FA83E084DC}
	EndGlobalSection
EndGlobal
